
Microsoft Visual Studio Solution File, Format Version 12.00
# Visual Studio 15
VisualStudioVersion = 15.0.25807.0
MinimumVisualStudioVersion = 10.0.40219.1
Project("{2150E333-8FDC-42A3-9474-1A3956D46DE8}") = "Engine", "Engine", "{5C646BD4-DBE1-486A-8326-01D719F3710C}"
EndProject
Project("{2150E333-8FDC-42A3-9474-1A3956D46DE8}") = "Games", "Games", "{85A802B0-DE95-4BEB-8AD6-456EA4FFA609}"
EndProject
Project("{8BC9CEB8-8B4A-11D0-8D11-00A0C91BC942}") = "UE4", "Intermediate\ProjectFiles\UE4.vcxproj", "{1E556223-9850-4AFB-A875-F5C1606B7379}"
EndProject
Project("{8BC9CEB8-8B4A-11D0-8D11-00A0C91BC942}") = "pro422", "Intermediate\ProjectFiles\pro422.vcxproj", "{CB5C7026-965D-44C5-AEB2-FB3A7A350529}"
EndProject
Project("{2150E333-8FDC-42A3-9474-1A3956D46DE8}") = "Visualizers", "Visualizers", "{FB492B75-9887-41BF-81D0-6E139A9F764E}"
	ProjectSection(SolutionItems) = preProject
		C:\Program Files\Epic Games\UE_4.22\Engine\Extras\VisualStudioDebugging\UE4.natvis = C:\Program Files\Epic Games\UE_4.22\Engine\Extras\VisualStudioDebugging\UE4.natvis
	EndProjectSection
EndProject
Global
	GlobalSection(SolutionConfigurationPlatforms) = preSolution
		DebugGame Editor|Android = DebugGame Editor|Android
		DebugGame Editor|IOS = DebugGame Editor|IOS
		DebugGame Editor|Win32 = DebugGame Editor|Win32
		DebugGame Editor|Win64 = DebugGame Editor|Win64
		DebugGame|Android = DebugGame|Android
		DebugGame|IOS = DebugGame|IOS
		DebugGame|Win32 = DebugGame|Win32
		DebugGame|Win64 = DebugGame|Win64
		Development Editor|Android = Development Editor|Android
		Development Editor|IOS = Development Editor|IOS
		Development Editor|Win32 = Development Editor|Win32
		Development Editor|Win64 = Development Editor|Win64
		Development|Android = Development|Android
		Development|IOS = Development|IOS
		Development|Win32 = Development|Win32
		Development|Win64 = Development|Win64
		Shipping|Android = Shipping|Android
		Shipping|IOS = Shipping|IOS
		Shipping|Win32 = Shipping|Win32
		Shipping|Win64 = Shipping|Win64
	EndGlobalSection
	GlobalSection(ProjectConfigurationPlatforms) = postSolution
		{1E556223-9850-4AFB-A875-F5C1606B7379}.DebugGame Editor|Android.ActiveCfg = BuiltWithUnrealBuildTool|Win32
		{1E556223-9850-4AFB-A875-F5C1606B7379}.DebugGame Editor|IOS.ActiveCfg = BuiltWithUnrealBuildTool|Win32
		{1E556223-9850-4AFB-A875-F5C1606B7379}.DebugGame Editor|Win32.ActiveCfg = BuiltWithUnrealBuildTool|Win32
		{1E556223-9850-4AFB-A875-F5C1606B7379}.DebugGame Editor|Win64.ActiveCfg = BuiltWithUnrealBuildTool|Win32
		{1E556223-9850-4AFB-A875-F5C1606B7379}.DebugGame|Android.ActiveCfg = BuiltWithUnrealBuildTool|Win32
		{1E556223-9850-4AFB-A875-F5C1606B7379}.DebugGame|IOS.ActiveCfg = BuiltWithUnrealBuildTool|Win32
		{1E556223-9850-4AFB-A875-F5C1606B7379}.DebugGame|Win32.ActiveCfg = BuiltWithUnrealBuildTool|Win32
		{1E556223-9850-4AFB-A875-F5C1606B7379}.DebugGame|Win64.ActiveCfg = BuiltWithUnrealBuildTool|Win32
		{1E556223-9850-4AFB-A875-F5C1606B7379}.Development Editor|Android.ActiveCfg = BuiltWithUnrealBuildTool|Win32
		{1E556223-9850-4AFB-A875-F5C1606B7379}.Development Editor|IOS.ActiveCfg = BuiltWithUnrealBuildTool|Win32
		{1E556223-9850-4AFB-A875-F5C1606B7379}.Development Editor|Win32.ActiveCfg = BuiltWithUnrealBuildTool|Win32
		{1E556223-9850-4AFB-A875-F5C1606B7379}.Development Editor|Win64.ActiveCfg = BuiltWithUnrealBuildTool|Win32
		{1E556223-9850-4AFB-A875-F5C1606B7379}.Development|Android.ActiveCfg = BuiltWithUnrealBuildTool|Win32
		{1E556223-9850-4AFB-A875-F5C1606B7379}.Development|IOS.ActiveCfg = BuiltWithUnrealBuildTool|Win32
		{1E556223-9850-4AFB-A875-F5C1606B7379}.Development|Win32.ActiveCfg = BuiltWithUnrealBuildTool|Win32
		{1E556223-9850-4AFB-A875-F5C1606B7379}.Development|Win64.ActiveCfg = BuiltWithUnrealBuildTool|Win32
		{1E556223-9850-4AFB-A875-F5C1606B7379}.Shipping|Android.ActiveCfg = BuiltWithUnrealBuildTool|Win32
		{1E556223-9850-4AFB-A875-F5C1606B7379}.Shipping|IOS.ActiveCfg = BuiltWithUnrealBuildTool|Win32
		{1E556223-9850-4AFB-A875-F5C1606B7379}.Shipping|Win32.ActiveCfg = BuiltWithUnrealBuildTool|Win32
		{1E556223-9850-4AFB-A875-F5C1606B7379}.Shipping|Win64.ActiveCfg = BuiltWithUnrealBuildTool|Win32
		{CB5C7026-965D-44C5-AEB2-FB3A7A350529}.DebugGame Editor|Android.ActiveCfg = Invalid|Win32
		{CB5C7026-965D-44C5-AEB2-FB3A7A350529}.DebugGame Editor|IOS.ActiveCfg = Invalid|Win32
		{CB5C7026-965D-44C5-AEB2-FB3A7A350529}.DebugGame Editor|Win32.ActiveCfg = Invalid|Win32
		{CB5C7026-965D-44C5-AEB2-FB3A7A350529}.DebugGame Editor|Win64.ActiveCfg = DebugGame_Editor|x64
		{CB5C7026-965D-44C5-AEB2-FB3A7A350529}.DebugGame Editor|Win64.Build.0 = DebugGame_Editor|x64
		{CB5C7026-965D-44C5-AEB2-FB3A7A350529}.DebugGame|Android.ActiveCfg = Android_DebugGame|Win32
		{CB5C7026-965D-44C5-AEB2-FB3A7A350529}.DebugGame|Android.Build.0 = Android_DebugGame|Win32
		{CB5C7026-965D-44C5-AEB2-FB3A7A350529}.DebugGame|IOS.ActiveCfg = IOS_DebugGame|Win32
		{CB5C7026-965D-44C5-AEB2-FB3A7A350529}.DebugGame|IOS.Build.0 = IOS_DebugGame|Win32
		{CB5C7026-965D-44C5-AEB2-FB3A7A350529}.DebugGame|Win32.ActiveCfg = DebugGame|Win32
		{CB5C7026-965D-44C5-AEB2-FB3A7A350529}.DebugGame|Win32.Build.0 = DebugGame|Win32
		{CB5C7026-965D-44C5-AEB2-FB3A7A350529}.DebugGame|Win64.ActiveCfg = DebugGame|x64
		{CB5C7026-965D-44C5-AEB2-FB3A7A350529}.DebugGame|Win64.Build.0 = DebugGame|x64
		{CB5C7026-965D-44C5-AEB2-FB3A7A350529}.Development Editor|Android.ActiveCfg = Invalid|Win32
		{CB5C7026-965D-44C5-AEB2-FB3A7A350529}.Development Editor|IOS.ActiveCfg = Invalid|Win32
		{CB5C7026-965D-44C5-AEB2-FB3A7A350529}.Development Editor|Win32.ActiveCfg = Invalid|Win32
		{CB5C7026-965D-44C5-AEB2-FB3A7A350529}.Development Editor|Win64.ActiveCfg = Development_Editor|x64
		{CB5C7026-965D-44C5-AEB2-FB3A7A350529}.Development Editor|Win64.Build.0 = Development_Editor|x64
		{CB5C7026-965D-44C5-AEB2-FB3A7A350529}.Development|Android.ActiveCfg = Android_Development|Win32
		{CB5C7026-965D-44C5-AEB2-FB3A7A350529}.Development|Android.Build.0 = Android_Development|Win32
		{CB5C7026-965D-44C5-AEB2-FB3A7A350529}.Development|IOS.ActiveCfg = IOS_Development|Win32
		{CB5C7026-965D-44C5-AEB2-FB3A7A350529}.Development|IOS.Build.0 = IOS_Development|Win32
		{CB5C7026-965D-44C5-AEB2-FB3A7A350529}.Development|Win32.ActiveCfg = Development|Win32
		{CB5C7026-965D-44C5-AEB2-FB3A7A350529}.Development|Win32.Build.0 = Development|Win32
		{CB5C7026-965D-44C5-AEB2-FB3A7A350529}.Development|Win64.ActiveCfg = Development|x64
		{CB5C7026-965D-44C5-AEB2-FB3A7A350529}.Development|Win64.Build.0 = Development|x64
		{CB5C7026-965D-44C5-AEB2-FB3A7A350529}.Shipping|Android.ActiveCfg = Android_Shipping|Win32
		{CB5C7026-965D-44C5-AEB2-FB3A7A350529}.Shipping|Android.Build.0 = Android_Shipping|Win32
		{CB5C7026-965D-44C5-AEB2-FB3A7A350529}.Shipping|IOS.ActiveCfg = IOS_Shipping|Win32
		{CB5C7026-965D-44C5-AEB2-FB3A7A350529}.Shipping|IOS.Build.0 = IOS_Shipping|Win32
		{CB5C7026-965D-44C5-AEB2-FB3A7A350529}.Shipping|Win32.ActiveCfg = Shipping|Win32
		{CB5C7026-965D-44C5-AEB2-FB3A7A350529}.Shipping|Win32.Build.0 = Shipping|Win32
		{CB5C7026-965D-44C5-AEB2-FB3A7A350529}.Shipping|Win64.ActiveCfg = Shipping|x64
		{CB5C7026-965D-44C5-AEB2-FB3A7A350529}.Shipping|Win64.Build.0 = Shipping|x64
	EndGlobalSection
	GlobalSection(SolutionProperties) = preSolution
		HideSolutionNode = FALSE
	EndGlobalSection
	GlobalSection(NestedProjects) = preSolution
		{1E556223-9850-4AFB-A875-F5C1606B7379} = {5C646BD4-DBE1-486A-8326-01D719F3710C}
		{CB5C7026-965D-44C5-AEB2-FB3A7A350529} = {85A802B0-DE95-4BEB-8AD6-456EA4FFA609}
	EndGlobalSection
EndGlobal
